
Microsoft Visual Studio Solution File, Format Version 12.00
# Visual Studio Version 16
VisualStudioVersion = 16.0.33801.447
MinimumVisualStudioVersion = 10.0.40219.1
Project("{FAE04EC0-301F-11D3-BF4B-00C04F79EFBC}") = "ConsoleSnake", "ConsoleSnake\ConsoleSnake\ConsoleSnake.csproj", "{EF724B1D-1D6F-4697-9491-9E874B1311E6}"
EndProject
Global
	GlobalSection(SolutionConfigurationPlatforms) = preSolution
		Debug|Any CPU = Debug|Any CPU
		Release|Any CPU = Release|Any CPU
	EndGlobalSection
	GlobalSection(ProjectConfigurationPlatforms) = postSolution
		{EF724B1D-1D6F-4697-9491-9E874B1311E6}.Debug|Any CPU.ActiveCfg = Debug|Any CPU
		{EF724B1D-1D6F-4697-9491-9E874B1311E6}.Debug|Any CPU.Build.0 = Debug|Any CPU
		{EF724B1D-1D6F-4697-9491-9E874B1311E6}.Release|Any CPU.ActiveCfg = Release|Any CPU
		{EF724B1D-1D6F-4697-9491-9E874B1311E6}.Release|Any CPU.Build.0 = Release|Any CPU
	EndGlobalSection
	GlobalSection(SolutionProperties) = preSolution
		HideSolutionNode = FALSE
	EndGlobalSection
	GlobalSection(ExtensibilityGlobals) = postSolution
		SolutionGuid = {892D6790-4100-4155-8482-FAE8BAC54D9E}
	EndGlobalSection
EndGlobal
